---
lockfileVersion: 1
lockfileVendor: redhat
arches:
- arch: aarch64
  packages:
  - url: https://cdn-ubi.redhat.com/content/public/ubi/dist/ubi9/9/aarch64/baseos/os/Packages/o/openssl-3.2.2-6.el9_5.1.aarch64.rpm
    repoid: ubi-9-for-aarch64-baseos-rpms
    size: 1398689
    checksum: sha256:f914250a9ef52968e27af0f0e2520745df4443dc354367bec54dd06b4a2da60b
    name: openssl
    evr: 1:3.2.2-6.el9_5.1
    sourcerpm: openssl-3.2.2-6.el9_5.1.src.rpm
  - url: https://cdn-ubi.redhat.com/content/public/ubi/dist/ubi9/9/aarch64/baseos/os/Packages/o/openssl-libs-3.2.2-6.el9_5.1.aarch64.rpm
    repoid: ubi-9-for-aarch64-baseos-rpms
    size: 2085943
    checksum: sha256:fb9062e4635959a929f278002c5ff1bf35323987538c71fa86442c980eab4a44
    name: openssl-libs
    evr: 1:3.2.2-6.el9_5.1
    sourcerpm: openssl-3.2.2-6.el9_5.1.src.rpm
  source: []
  module_metadata: []
- arch: ppc64le
  packages:
  - url: https://cdn-ubi.redhat.com/content/public/ubi/dist/ubi9/9/ppc64le/baseos/os/Packages/o/openssl-3.2.2-6.el9_5.1.ppc64le.rpm
    repoid: ubi-9-for-ppc64le-baseos-rpms
    size: 1422952
    checksum: sha256:56283cbf84234ec9256fb68e2d2669bc5799862eb2ee40521b8ac59044567835
    name: openssl
    evr: 1:3.2.2-6.el9_5.1
    sourcerpm: openssl-3.2.2-6.el9_5.1.src.rpm
  - url: https://cdn-ubi.redhat.com/content/public/ubi/dist/ubi9/9/ppc64le/baseos/os/Packages/o/openssl-libs-3.2.2-6.el9_5.1.ppc64le.rpm
    repoid: ubi-9-for-ppc64le-baseos-rpms
    size: 2320865
    checksum: sha256:8e9f1ff32873b3531cd38d9583fe20526c790066785312301ea87ebbf980d8ce
    name: openssl-libs
    evr: 1:3.2.2-6.el9_5.1
    sourcerpm: openssl-3.2.2-6.el9_5.1.src.rpm
  source: []
  module_metadata: []
- arch: s390x
  packages:
  - url: https://cdn-ubi.redhat.com/content/public/ubi/dist/ubi9/9/s390x/baseos/os/Packages/o/openssl-3.2.2-6.el9_5.1.s390x.rpm
    repoid: ubi-9-for-s390x-baseos-rpms
    size: 1407537
    checksum: sha256:0a24289ee6324c2ecd6edad913f8ecfcfc6db43fbf6fed65458141e3ec0c104f
    name: openssl
    evr: 1:3.2.2-6.el9_5.1
    sourcerpm: openssl-3.2.2-6.el9_5.1.src.rpm
  - url: https://cdn-ubi.redhat.com/content/public/ubi/dist/ubi9/9/s390x/baseos/os/Packages/o/openssl-libs-3.2.2-6.el9_5.1.s390x.rpm
    repoid: ubi-9-for-s390x-baseos-rpms
    size: 1830531
    checksum: sha256:3d58f9488bc2a5113d852d6c78df07e414f6d95bb75f1ff78b7530bafdf1eb02
    name: openssl-libs
    evr: 1:3.2.2-6.el9_5.1
    sourcerpm: openssl-3.2.2-6.el9_5.1.src.rpm
  source: []
  module_metadata: []
- arch: x86_64
  packages:
  - url: https://cdn-ubi.redhat.com/content/public/ubi/dist/ubi9/9/x86_64/baseos/os/Packages/o/openssl-3.2.2-6.el9_5.1.x86_64.rpm
    repoid: ubi-9-for-x86_64-baseos-rpms
    size: 1420999
    checksum: sha256:f379686df99db814e30568a896b417278775fc96864ac6d2660bf48ef94309e3
    name: openssl
    evr: 1:3.2.2-6.el9_5.1
    sourcerpm: openssl-3.2.2-6.el9_5.1.src.rpm
  - url: https://cdn-ubi.redhat.com/content/public/ubi/dist/ubi9/9/x86_64/baseos/os/Packages/o/openssl-libs-3.2.2-6.el9_5.1.x86_64.rpm
    repoid: ubi-9-for-x86_64-baseos-rpms
    size: 2218318
    checksum: sha256:287d11706d44a53455ed8ac62faab4c4a0b8c0fa5e367adf122c7a76c6ddbbb8
    name: openssl-libs
    evr: 1:3.2.2-6.el9_5.1
    sourcerpm: openssl-3.2.2-6.el9_5.1.src.rpm
  source: []
  module_metadata: []
